{
  "name": "assets",
  "lockfileVersion": 3,
  "requires": true,
  "packages": {
    "": {
      "dependencies": {
        "trix": "^2.0.7"
      }
    },
    "node_modules/trix": {
      "version": "2.0.7",
      "resolved": "https://registry.npmjs.org/trix/-/trix-2.0.7.tgz",
      "integrity": "sha512-qnqElm1BA4XYMgwowEHlF4xE4wfEjFBpmybvdzVUQP4OTzQxRXVEQNP4WSvWT6HzV4wYFP06/HSo14fWoGo6jQ=="
    }
  }
}
